
Microsoft Visual Studio Solution File, Format Version 12.00
# Visual Studio Version 16
VisualStudioVersion = 16.0.31424.327
MinimumVisualStudioVersion = 10.0.40219.1
Project("{FAE04EC0-301F-11D3-BF4B-00C04F79EFBC}") = "UR 点动控制器 V1.7", "UR 点动控制器 V1.7.csproj", "{712F2D3F-E585-4226-B2FB-FBD2A7A01192}"
EndProject
Project("{FAE04EC0-301F-11D3-BF4B-00C04F79EFBC}") = "Toml", "Toml\Toml.csproj", "{E45C7906-310C-47B9-8277-25E693DE8DEC}"
EndProject
Project("{FAE04EC0-301F-11D3-BF4B-00C04F79EFBC}") = "AirPump", "AirPump\AirPump.csproj", "{045D25E6-73A6-4ABC-89CD-B2835DC5C799}"
EndProject
Project("{FAE04EC0-301F-11D3-BF4B-00C04F79EFBC}") = "AppiumTest", "AppiumTest\AppiumTest.csproj", "{377F33FF-6797-49C0-9134-5F6483A9E2B4}"
EndProject
Project("{FAE04EC0-301F-11D3-BF4B-00C04F79EFBC}") = "Camera", "Camera\Camera.csproj", "{B685F424-CF41-4491-BA65-FE544260467E}"
EndProject
Project("{FAE04EC0-301F-11D3-BF4B-00C04F79EFBC}") = "LogManage", "LogManage\LogManage.csproj", "{1FBEB689-94BC-4452-8744-3B461F870ECE}"
EndProject
Project("{FAE04EC0-301F-11D3-BF4B-00C04F79EFBC}") = "Config", "Config\Config.csproj", "{C7D1CB26-B4C6-4BAF-9AE6-05F76B06B81C}"
EndProject
Project("{FAE04EC0-301F-11D3-BF4B-00C04F79EFBC}") = "Detect", "Detect\Detect.csproj", "{CE79D3EE-C5ED-4622-89BB-774E6CFE0952}"
EndProject
Global
	GlobalSection(SolutionConfigurationPlatforms) = preSolution
		Debug|Any CPU = Debug|Any CPU
		Debug|x64 = Debug|x64
		Debug|x86 = Debug|x86
		Release|Any CPU = Release|Any CPU
		Release|x64 = Release|x64
		Release|x86 = Release|x86
	EndGlobalSection
	GlobalSection(ProjectConfigurationPlatforms) = postSolution
		{712F2D3F-E585-4226-B2FB-FBD2A7A01192}.Debug|Any CPU.ActiveCfg = Debug|Any CPU
		{712F2D3F-E585-4226-B2FB-FBD2A7A01192}.Debug|Any CPU.Build.0 = Debug|Any CPU
		{712F2D3F-E585-4226-B2FB-FBD2A7A01192}.Debug|x64.ActiveCfg = Debug|Any CPU
		{712F2D3F-E585-4226-B2FB-FBD2A7A01192}.Debug|x64.Build.0 = Debug|Any CPU
		{712F2D3F-E585-4226-B2FB-FBD2A7A01192}.Debug|x86.ActiveCfg = Debug|Any CPU
		{712F2D3F-E585-4226-B2FB-FBD2A7A01192}.Debug|x86.Build.0 = Debug|Any CPU
		{712F2D3F-E585-4226-B2FB-FBD2A7A01192}.Release|Any CPU.ActiveCfg = Release|Any CPU
		{712F2D3F-E585-4226-B2FB-FBD2A7A01192}.Release|Any CPU.Build.0 = Release|Any CPU
		{712F2D3F-E585-4226-B2FB-FBD2A7A01192}.Release|x64.ActiveCfg = Release|Any CPU
		{712F2D3F-E585-4226-B2FB-FBD2A7A01192}.Release|x64.Build.0 = Release|Any CPU
		{712F2D3F-E585-4226-B2FB-FBD2A7A01192}.Release|x86.ActiveCfg = Release|Any CPU
		{712F2D3F-E585-4226-B2FB-FBD2A7A01192}.Release|x86.Build.0 = Release|Any CPU
		{E45C7906-310C-47B9-8277-25E693DE8DEC}.Debug|Any CPU.ActiveCfg = Debug|Any CPU
		{E45C7906-310C-47B9-8277-25E693DE8DEC}.Debug|Any CPU.Build.0 = Debug|Any CPU
		{E45C7906-310C-47B9-8277-25E693DE8DEC}.Debug|x64.ActiveCfg = Debug|Any CPU
		{E45C7906-310C-47B9-8277-25E693DE8DEC}.Debug|x64.Build.0 = Debug|Any CPU
		{E45C7906-310C-47B9-8277-25E693DE8DEC}.Debug|x86.ActiveCfg = Debug|Any CPU
		{E45C7906-310C-47B9-8277-25E693DE8DEC}.Debug|x86.Build.0 = Debug|Any CPU
		{E45C7906-310C-47B9-8277-25E693DE8DEC}.Release|Any CPU.ActiveCfg = Release|Any CPU
		{E45C7906-310C-47B9-8277-25E693DE8DEC}.Release|Any CPU.Build.0 = Release|Any CPU
		{E45C7906-310C-47B9-8277-25E693DE8DEC}.Release|x64.ActiveCfg = Release|Any CPU
		{E45C7906-310C-47B9-8277-25E693DE8DEC}.Release|x64.Build.0 = Release|Any CPU
		{E45C7906-310C-47B9-8277-25E693DE8DEC}.Release|x86.ActiveCfg = Release|Any CPU
		{E45C7906-310C-47B9-8277-25E693DE8DEC}.Release|x86.Build.0 = Release|Any CPU
		{045D25E6-73A6-4ABC-89CD-B2835DC5C799}.Debug|Any CPU.ActiveCfg = Debug|Any CPU
		{045D25E6-73A6-4ABC-89CD-B2835DC5C799}.Debug|Any CPU.Build.0 = Debug|Any CPU
		{045D25E6-73A6-4ABC-89CD-B2835DC5C799}.Debug|x64.ActiveCfg = Debug|Any CPU
		{045D25E6-73A6-4ABC-89CD-B2835DC5C799}.Debug|x64.Build.0 = Debug|Any CPU
		{045D25E6-73A6-4ABC-89CD-B2835DC5C799}.Debug|x86.ActiveCfg = Debug|Any CPU
		{045D25E6-73A6-4ABC-89CD-B2835DC5C799}.Debug|x86.Build.0 = Debug|Any CPU
		{045D25E6-73A6-4ABC-89CD-B2835DC5C799}.Release|Any CPU.ActiveCfg = Release|Any CPU
		{045D25E6-73A6-4ABC-89CD-B2835DC5C799}.Release|Any CPU.Build.0 = Release|Any CPU
		{045D25E6-73A6-4ABC-89CD-B2835DC5C799}.Release|x64.ActiveCfg = Release|Any CPU
		{045D25E6-73A6-4ABC-89CD-B2835DC5C799}.Release|x64.Build.0 = Release|Any CPU
		{045D25E6-73A6-4ABC-89CD-B2835DC5C799}.Release|x86.ActiveCfg = Release|Any CPU
		{045D25E6-73A6-4ABC-89CD-B2835DC5C799}.Release|x86.Build.0 = Release|Any CPU
		{377F33FF-6797-49C0-9134-5F6483A9E2B4}.Debug|Any CPU.ActiveCfg = Debug|Any CPU
		{377F33FF-6797-49C0-9134-5F6483A9E2B4}.Debug|Any CPU.Build.0 = Debug|Any CPU
		{377F33FF-6797-49C0-9134-5F6483A9E2B4}.Debug|x64.ActiveCfg = Debug|Any CPU
		{377F33FF-6797-49C0-9134-5F6483A9E2B4}.Debug|x64.Build.0 = Debug|Any CPU
		{377F33FF-6797-49C0-9134-5F6483A9E2B4}.Debug|x86.ActiveCfg = Debug|Any CPU
		{377F33FF-6797-49C0-9134-5F6483A9E2B4}.Debug|x86.Build.0 = Debug|Any CPU
		{377F33FF-6797-49C0-9134-5F6483A9E2B4}.Release|Any CPU.ActiveCfg = Release|Any CPU
		{377F33FF-6797-49C0-9134-5F6483A9E2B4}.Release|Any CPU.Build.0 = Release|Any CPU
		{377F33FF-6797-49C0-9134-5F6483A9E2B4}.Release|x64.ActiveCfg = Release|Any CPU
		{377F33FF-6797-49C0-9134-5F6483A9E2B4}.Release|x64.Build.0 = Release|Any CPU
		{377F33FF-6797-49C0-9134-5F6483A9E2B4}.Release|x86.ActiveCfg = Release|Any CPU
		{377F33FF-6797-49C0-9134-5F6483A9E2B4}.Release|x86.Build.0 = Release|Any CPU
		{B685F424-CF41-4491-BA65-FE544260467E}.Debug|Any CPU.ActiveCfg = Debug|Any CPU
		{B685F424-CF41-4491-BA65-FE544260467E}.Debug|Any CPU.Build.0 = Debug|Any CPU
		{B685F424-CF41-4491-BA65-FE544260467E}.Debug|x64.ActiveCfg = Debug|Any CPU
		{B685F424-CF41-4491-BA65-FE544260467E}.Debug|x64.Build.0 = Debug|Any CPU
		{B685F424-CF41-4491-BA65-FE544260467E}.Debug|x86.ActiveCfg = Debug|Any CPU
		{B685F424-CF41-4491-BA65-FE544260467E}.Debug|x86.Build.0 = Debug|Any CPU
		{B685F424-CF41-4491-BA65-FE544260467E}.Release|Any CPU.ActiveCfg = Release|Any CPU
		{B685F424-CF41-4491-BA65-FE544260467E}.Release|Any CPU.Build.0 = Release|Any CPU
		{B685F424-CF41-4491-BA65-FE544260467E}.Release|x64.ActiveCfg = Release|Any CPU
		{B685F424-CF41-4491-BA65-FE544260467E}.Release|x64.Build.0 = Release|Any CPU
		{B685F424-CF41-4491-BA65-FE544260467E}.Release|x86.ActiveCfg = Release|Any CPU
		{B685F424-CF41-4491-BA65-FE544260467E}.Release|x86.Build.0 = Release|Any CPU
		{1FBEB689-94BC-4452-8744-3B461F870ECE}.Debug|Any CPU.ActiveCfg = Debug|Any CPU
		{1FBEB689-94BC-4452-8744-3B461F870ECE}.Debug|Any CPU.Build.0 = Debug|Any CPU
		{1FBEB689-94BC-4452-8744-3B461F870ECE}.Debug|x64.ActiveCfg = Debug|Any CPU
		{1FBEB689-94BC-4452-8744-3B461F870ECE}.Debug|x64.Build.0 = Debug|Any CPU
		{1FBEB689-94BC-4452-8744-3B461F870ECE}.Debug|x86.ActiveCfg = Debug|Any CPU
		{1FBEB689-94BC-4452-8744-3B461F870ECE}.Debug|x86.Build.0 = Debug|Any CPU
		{1FBEB689-94BC-4452-8744-3B461F870ECE}.Release|Any CPU.ActiveCfg = Release|Any CPU
		{1FBEB689-94BC-4452-8744-3B461F870ECE}.Release|Any CPU.Build.0 = Release|Any CPU
		{1FBEB689-94BC-4452-8744-3B461F870ECE}.Release|x64.ActiveCfg = Release|Any CPU
		{1FBEB689-94BC-4452-8744-3B461F870ECE}.Release|x64.Build.0 = Release|Any CPU
		{1FBEB689-94BC-4452-8744-3B461F870ECE}.Release|x86.ActiveCfg = Release|Any CPU
		{1FBEB689-94BC-4452-8744-3B461F870ECE}.Release|x86.Build.0 = Release|Any CPU
		{C7D1CB26-B4C6-4BAF-9AE6-05F76B06B81C}.Debug|Any CPU.ActiveCfg = Debug|Any CPU
		{C7D1CB26-B4C6-4BAF-9AE6-05F76B06B81C}.Debug|Any CPU.Build.0 = Debug|Any CPU
		{C7D1CB26-B4C6-4BAF-9AE6-05F76B06B81C}.Debug|x64.ActiveCfg = Debug|Any CPU
		{C7D1CB26-B4C6-4BAF-9AE6-05F76B06B81C}.Debug|x64.Build.0 = Debug|Any CPU
		{C7D1CB26-B4C6-4BAF-9AE6-05F76B06B81C}.Debug|x86.ActiveCfg = Debug|Any CPU
		{C7D1CB26-B4C6-4BAF-9AE6-05F76B06B81C}.Debug|x86.Build.0 = Debug|Any CPU
		{C7D1CB26-B4C6-4BAF-9AE6-05F76B06B81C}.Release|Any CPU.ActiveCfg = Release|Any CPU
		{C7D1CB26-B4C6-4BAF-9AE6-05F76B06B81C}.Release|Any CPU.Build.0 = Release|Any CPU
		{C7D1CB26-B4C6-4BAF-9AE6-05F76B06B81C}.Release|x64.ActiveCfg = Release|Any CPU
		{C7D1CB26-B4C6-4BAF-9AE6-05F76B06B81C}.Release|x64.Build.0 = Release|Any CPU
		{C7D1CB26-B4C6-4BAF-9AE6-05F76B06B81C}.Release|x86.ActiveCfg = Release|Any CPU
		{C7D1CB26-B4C6-4BAF-9AE6-05F76B06B81C}.Release|x86.Build.0 = Release|Any CPU
		{CE79D3EE-C5ED-4622-89BB-774E6CFE0952}.Debug|Any CPU.ActiveCfg = Debug|Any CPU
		{CE79D3EE-C5ED-4622-89BB-774E6CFE0952}.Debug|Any CPU.Build.0 = Debug|Any CPU
		{CE79D3EE-C5ED-4622-89BB-774E6CFE0952}.Debug|x64.ActiveCfg = Debug|Any CPU
		{CE79D3EE-C5ED-4622-89BB-774E6CFE0952}.Debug|x64.Build.0 = Debug|Any CPU
		{CE79D3EE-C5ED-4622-89BB-774E6CFE0952}.Debug|x86.ActiveCfg = Debug|Any CPU
		{CE79D3EE-C5ED-4622-89BB-774E6CFE0952}.Debug|x86.Build.0 = Debug|Any CPU
		{CE79D3EE-C5ED-4622-89BB-774E6CFE0952}.Release|Any CPU.ActiveCfg = Release|Any CPU
		{CE79D3EE-C5ED-4622-89BB-774E6CFE0952}.Release|Any CPU.Build.0 = Release|Any CPU
		{CE79D3EE-C5ED-4622-89BB-774E6CFE0952}.Release|x64.ActiveCfg = Release|Any CPU
		{CE79D3EE-C5ED-4622-89BB-774E6CFE0952}.Release|x64.Build.0 = Release|Any CPU
		{CE79D3EE-C5ED-4622-89BB-774E6CFE0952}.Release|x86.ActiveCfg = Release|Any CPU
		{CE79D3EE-C5ED-4622-89BB-774E6CFE0952}.Release|x86.Build.0 = Release|Any CPU
	EndGlobalSection
	GlobalSection(SolutionProperties) = preSolution
		HideSolutionNode = FALSE
	EndGlobalSection
	GlobalSection(ExtensibilityGlobals) = postSolution
		SolutionGuid = {3400AF2E-D589-4163-BD8C-BE24F5CA5097}
	EndGlobalSection
EndGlobal
